
Microsoft Visual Studio Solution File, Format Version 12.00
# Visual Studio Version 16
VisualStudioVersion = 16.0.30330.147
MinimumVisualStudioVersion = 10.0.40219.1
Project("{9A19103F-16F7-4668-BE54-9A1E7A4F7556}") = "MyBankApp", "MyBankApp.csproj", "{66082E42-31E8-4BAE-A538-80372D7177B0}"
EndProject
Project("{9A19103F-16F7-4668-BE54-9A1E7A4F7556}") = "MyBankTest", "..\MyBankTest\MyBankTest.csproj", "{CD7EB362-ACBF-4D06-8099-F982C75627F7}"
EndProject
Global
	GlobalSection(SolutionConfigurationPlatforms) = preSolution
		Debug|Any CPU = Debug|Any CPU
		Release|Any CPU = Release|Any CPU
	EndGlobalSection
	GlobalSection(ProjectConfigurationPlatforms) = postSolution
		{66082E42-31E8-4BAE-A538-80372D7177B0}.Debug|Any CPU.ActiveCfg = Debug|Any CPU
		{66082E42-31E8-4BAE-A538-80372D7177B0}.Debug|Any CPU.Build.0 = Debug|Any CPU
		{66082E42-31E8-4BAE-A538-80372D7177B0}.Release|Any CPU.ActiveCfg = Release|Any CPU
		{66082E42-31E8-4BAE-A538-80372D7177B0}.Release|Any CPU.Build.0 = Release|Any CPU
		{CD7EB362-ACBF-4D06-8099-F982C75627F7}.Debug|Any CPU.ActiveCfg = Debug|Any CPU
		{CD7EB362-ACBF-4D06-8099-F982C75627F7}.Debug|Any CPU.Build.0 = Debug|Any CPU
		{CD7EB362-ACBF-4D06-8099-F982C75627F7}.Release|Any CPU.ActiveCfg = Release|Any CPU
		{CD7EB362-ACBF-4D06-8099-F982C75627F7}.Release|Any CPU.Build.0 = Release|Any CPU
	EndGlobalSection
	GlobalSection(SolutionProperties) = preSolution
		HideSolutionNode = FALSE
	EndGlobalSection
	GlobalSection(ExtensibilityGlobals) = postSolution
		SolutionGuid = {B12F1F45-5F19-4976-8A7F-B8EC94FC26F5}
	EndGlobalSection
EndGlobal
